// !$*UTF8*$!
{
	archiveVersion = 1;
	classes = {
	};
	objectVersion = 50;
	objects = {

/* Begin PBXBuildFile section */
		250679A121E0022200D03540 /* LogoutController.swift in Sources */ = {isa = PBXBuildFile; fileRef = 250679A021E0022200D03540 /* LogoutController.swift */; };
		250679A421E00D0B00D03540 /* User.swift in Sources */ = {isa = PBXBuildFile; fileRef = 250679A321E00D0B00D03540 /* User.swift */; };
		2522D27A21DC67DD00711808 /* AppDelegate.swift in Sources */ = {isa = PBXBuildFile; fileRef = 2522D27921DC67DD00711808 /* AppDelegate.swift */; };
		2522D27C21DC67DD00711808 /* ViewController.swift in Sources */ = {isa = PBXBuildFile; fileRef = 2522D27B21DC67DD00711808 /* ViewController.swift */; };
		2522D27F21DC67DD00711808 /* Main.storyboard in Resources */ = {isa = PBXBuildFile; fileRef = 2522D27D21DC67DD00711808 /* Main.storyboard */; };
		2522D28121DC67DE00711808 /* Assets.xcassets in Resources */ = {isa = PBXBuildFile; fileRef = 2522D28021DC67DE00711808 /* Assets.xcassets */; };
		2522D28421DC67DE00711808 /* LaunchScreen.storyboard in Resources */ = {isa = PBXBuildFile; fileRef = 2522D28221DC67DE00711808 /* LaunchScreen.storyboard */; };
		2522D28F21DC6AD300711808 /* Extensions.swift in Sources */ = {isa = PBXBuildFile; fileRef = 2522D28E21DC6AD300711808 /* Extensions.swift */; };
		2522D29121DC6B6E00711808 /* CustomImageView.swift in Sources */ = {isa = PBXBuildFile; fileRef = 2522D29021DC6B6E00711808 /* CustomImageView.swift */; };
		2522D29321DC6EF300711808 /* GoogleService-Info.plist in Resources */ = {isa = PBXBuildFile; fileRef = 2522D29221DC6EF300711808 /* GoogleService-Info.plist */; };
		2522D29521DC79F400711808 /* MainTabBarController.swift in Sources */ = {isa = PBXBuildFile; fileRef = 2522D29421DC79F400711808 /* MainTabBarController.swift */; };
		25533A4B21DE8C7700DD30E5 /* HomePostCell.swift in Sources */ = {isa = PBXBuildFile; fileRef = 25533A4A21DE8C7700DD30E5 /* HomePostCell.swift */; };
		25533A4D21DE9AAB00DD30E5 /* SignUpController.swift in Sources */ = {isa = PBXBuildFile; fileRef = 25533A4C21DE9AAB00DD30E5 /* SignUpController.swift */; };
		25533A4F21DEA05300DD30E5 /* LoginController.swift in Sources */ = {isa = PBXBuildFile; fileRef = 25533A4E21DEA05300DD30E5 /* LoginController.swift */; };
		256E487321DD719200CC71D8 /* HomeController.swift in Sources */ = {isa = PBXBuildFile; fileRef = 256E487221DD719200CC71D8 /* HomeController.swift */; };
		256E487521DD7E6100CC71D8 /* HomeCarouselCell.swift in Sources */ = {isa = PBXBuildFile; fileRef = 256E487421DD7E6100CC71D8 /* HomeCarouselCell.swift */; };
		256E487721DD944800CC71D8 /* HomeNavigationCell.swift in Sources */ = {isa = PBXBuildFile; fileRef = 256E487621DD944800CC71D8 /* HomeNavigationCell.swift */; };
		256E487921DDAECE00CC71D8 /* BaseCell.swift in Sources */ = {isa = PBXBuildFile; fileRef = 256E487821DDAECE00CC71D8 /* BaseCell.swift */; };
		256E487B21DDB85100CC71D8 /* HomePostHeaderCell.swift in Sources */ = {isa = PBXBuildFile; fileRef = 256E487A21DDB85100CC71D8 /* HomePostHeaderCell.swift */; };
		25C4B4A121E033BD0068E8C9 /* UserSearchController.swift in Sources */ = {isa = PBXBuildFile; fileRef = 25C4B4A021E033BD0068E8C9 /* UserSearchController.swift */; };
		25C4B4A321E039AB0068E8C9 /* UserSearchCell.swift in Sources */ = {isa = PBXBuildFile; fileRef = 25C4B4A221E039AB0068E8C9 /* UserSearchCell.swift */; };
		8CFA8BAC6245B2EC0F6BFEE8 /* Pods_ResuMe.framework in Frameworks */ = {isa = PBXBuildFile; fileRef = 65D7F7F8B4A1A4540EE9DB53 /* Pods_ResuMe.framework */; };
/* End PBXBuildFile section */

/* Begin PBXFileReference section */
		250679A021E0022200D03540 /* LogoutController.swift */ = {isa = PBXFileReference; lastKnownFileType = sourcecode.swift; path = LogoutController.swift; sourceTree = "<group>"; };
		250679A321E00D0B00D03540 /* User.swift */ = {isa = PBXFileReference; lastKnownFileType = sourcecode.swift; path = User.swift; sourceTree = "<group>"; };
		2522D27621DC67DD00711808 /* ResuMe.app */ = {isa = PBXFileReference; explicitFileType = wrapper.application; includeInIndex = 0; path = ResuMe.app; sourceTree = BUILT_PRODUCTS_DIR; };
		2522D27921DC67DD00711808 /* AppDelegate.swift */ = {isa = PBXFileReference; lastKnownFileType = sourcecode.swift; path = AppDelegate.swift; sourceTree = "<group>"; };
		2522D27B21DC67DD00711808 /* ViewController.swift */ = {isa = PBXFileReference; lastKnownFileType = sourcecode.swift; path = ViewController.swift; sourceTree = "<group>"; };
		2522D27E21DC67DD00711808 /* Base */ = {isa = PBXFileReference; lastKnownFileType = file.storyboard; name = Base; path = Base.lproj/Main.storyboard; sourceTree = "<group>"; };
		2522D28021DC67DE00711808 /* Assets.xcassets */ = {isa = PBXFileReference; lastKnownFileType = folder.assetcatalog; path = Assets.xcassets; sourceTree = "<group>"; };
		2522D28321DC67DE00711808 /* Base */ = {isa = PBXFileReference; lastKnownFileType = file.storyboard; name = Base; path = Base.lproj/LaunchScreen.storyboard; sourceTree = "<group>"; };
		2522D28521DC67DE00711808 /* Info.plist */ = {isa = PBXFileReference; lastKnownFileType = text.plist.xml; path = Info.plist; sourceTree = "<group>"; };
		2522D28E21DC6AD300711808 /* Extensions.swift */ = {isa = PBXFileReference; lastKnownFileType = sourcecode.swift; path = Extensions.swift; sourceTree = "<group>"; };
		2522D29021DC6B6E00711808 /* CustomImageView.swift */ = {isa = PBXFileReference; lastKnownFileType = sourcecode.swift; path = CustomImageView.swift; sourceTree = "<group>"; };
		2522D29221DC6EF300711808 /* GoogleService-Info.plist */ = {isa = PBXFileReference; fileEncoding = 4; lastKnownFileType = text.plist.xml; path = "GoogleService-Info.plist"; sourceTree = "<group>"; };
		2522D29421DC79F400711808 /* MainTabBarController.swift */ = {isa = PBXFileReference; lastKnownFileType = sourcecode.swift; path = MainTabBarController.swift; sourceTree = "<group>"; };
		25533A4A21DE8C7700DD30E5 /* HomePostCell.swift */ = {isa = PBXFileReference; lastKnownFileType = sourcecode.swift; path = HomePostCell.swift; sourceTree = "<group>"; };
		25533A4C21DE9AAB00DD30E5 /* SignUpController.swift */ = {isa = PBXFileReference; lastKnownFileType = sourcecode.swift; path = SignUpController.swift; sourceTree = "<group>"; };
		25533A4E21DEA05300DD30E5 /* LoginController.swift */ = {isa = PBXFileReference; lastKnownFileType = sourcecode.swift; path = LoginController.swift; sourceTree = "<group>"; };
		256E487221DD719200CC71D8 /* HomeController.swift */ = {isa = PBXFileReference; lastKnownFileType = sourcecode.swift; path = HomeController.swift; sourceTree = "<group>"; };
		256E487421DD7E6100CC71D8 /* HomeCarouselCell.swift */ = {isa = PBXFileReference; lastKnownFileType = sourcecode.swift; path = HomeCarouselCell.swift; sourceTree = "<group>"; };
		256E487621DD944800CC71D8 /* HomeNavigationCell.swift */ = {isa = PBXFileReference; lastKnownFileType = sourcecode.swift; path = HomeNavigationCell.swift; sourceTree = "<group>"; };
		256E487821DDAECE00CC71D8 /* BaseCell.swift */ = {isa = PBXFileReference; lastKnownFileType = sourcecode.swift; path = BaseCell.swift; sourceTree = "<group>"; };
		256E487A21DDB85100CC71D8 /* HomePostHeaderCell.swift */ = {isa = PBXFileReference; lastKnownFileType = sourcecode.swift; path = HomePostHeaderCell.swift; sourceTree = "<group>"; };
		25C4B4A021E033BD0068E8C9 /* UserSearchController.swift */ = {isa = PBXFileReference; lastKnownFileType = sourcecode.swift; path = UserSearchController.swift; sourceTree = "<group>"; };
		25C4B4A221E039AB0068E8C9 /* UserSearchCell.swift */ = {isa = PBXFileReference; lastKnownFileType = sourcecode.swift; path = UserSearchCell.swift; sourceTree = "<group>"; };
		65D7F7F8B4A1A4540EE9DB53 /* Pods_ResuMe.framework */ = {isa = PBXFileReference; explicitFileType = wrapper.framework; includeInIndex = 0; path = Pods_ResuMe.framework; sourceTree = BUILT_PRODUCTS_DIR; };
		99EAADE875562F88FB533774 /* Pods-ResuMe.debug.xcconfig */ = {isa = PBXFileReference; includeInIndex = 1; lastKnownFileType = text.xcconfig; name = "Pods-ResuMe.debug.xcconfig"; path = "Pods/Target Support Files/Pods-ResuMe/Pods-ResuMe.debug.xcconfig"; sourceTree = "<group>"; };
		EBE2DC98FB9BB5CD5A6C4807 /* Pods-ResuMe.release.xcconfig */ = {isa = PBXFileReference; includeInIndex = 1; lastKnownFileType = text.xcconfig; name = "Pods-ResuMe.release.xcconfig"; path = "Pods/Target Support Files/Pods-ResuMe/Pods-ResuMe.release.xcconfig"; sourceTree = "<group>"; };
/* End PBXFileReference section */

/* Begin PBXFrameworksBuildPhase section */
		2522D27321DC67DD00711808 /* Frameworks */ = {
			isa = PBXFrameworksBuildPhase;
			buildActionMask = 2147483647;
			files = (
				8CFA8BAC6245B2EC0F6BFEE8 /* Pods_ResuMe.framework in Frameworks */,
			);
			runOnlyForDeploymentPostprocessing = 0;
		};
/* End PBXFrameworksBuildPhase section */

/* Begin PBXGroup section */
		250679A221E00CFA00D03540 /* Models */ = {
			isa = PBXGroup;
			children = (
				250679A321E00D0B00D03540 /* User.swift */,
			);
			path = Models;
			sourceTree = "<group>";
		};
		250679A521E0134800D03540 /* AddPicture */ = {
			isa = PBXGroup;
			children = (
			);
			path = AddPicture;
			sourceTree = "<group>";
		};
		2522D26D21DC67DD00711808 = {
			isa = PBXGroup;
			children = (
				2522D27821DC67DD00711808 /* ResuMe */,
				2522D27721DC67DD00711808 /* Products */,
				C1CB3E27BA9834ECFF81828C /* Pods */,
				884701430CEE313EC63616E6 /* Frameworks */,
			);
			sourceTree = "<group>";
		};
		2522D27721DC67DD00711808 /* Products */ = {
			isa = PBXGroup;
			children = (
				2522D27621DC67DD00711808 /* ResuMe.app */,
			);
			name = Products;
			sourceTree = "<group>";
		};
		2522D27821DC67DD00711808 /* ResuMe */ = {
			isa = PBXGroup;
			children = (
				250679A521E0134800D03540 /* AddPicture */,
				250679A221E00CFA00D03540 /* Models */,
				2522D29A21DC7DDF00711808 /* Login */,
				2522D29921DC7DD800711808 /* Like */,
				2522D29821DC7DCF00711808 /* Me */,
				2522D29721DC7DC500711808 /* Search */,
				2522D29621DC7DA800711808 /* Home */,
				2522D28B21DC6A3300711808 /* Utils */,
				2522D27921DC67DD00711808 /* AppDelegate.swift */,
				2522D29421DC79F400711808 /* MainTabBarController.swift */,
				2522D27B21DC67DD00711808 /* ViewController.swift */,
				2522D27D21DC67DD00711808 /* Main.storyboard */,
				2522D28021DC67DE00711808 /* Assets.xcassets */,
				2522D28221DC67DE00711808 /* LaunchScreen.storyboard */,
				2522D28521DC67DE00711808 /* Info.plist */,
				2522D29221DC6EF300711808 /* GoogleService-Info.plist */,
			);
			path = ResuMe;
			sourceTree = "<group>";
		};
		2522D28B21DC6A3300711808 /* Utils */ = {
			isa = PBXGroup;
			children = (
				2522D28E21DC6AD300711808 /* Extensions.swift */,
				2522D29021DC6B6E00711808 /* CustomImageView.swift */,
				256E487821DDAECE00CC71D8 /* BaseCell.swift */,
			);
			path = Utils;
			sourceTree = "<group>";
		};
		2522D29621DC7DA800711808 /* Home */ = {
			isa = PBXGroup;
			children = (
				256E487221DD719200CC71D8 /* HomeController.swift */,
				256E487421DD7E6100CC71D8 /* HomeCarouselCell.swift */,
				256E487621DD944800CC71D8 /* HomeNavigationCell.swift */,
				256E487A21DDB85100CC71D8 /* HomePostHeaderCell.swift */,
				25533A4A21DE8C7700DD30E5 /* HomePostCell.swift */,
			);
			path = Home;
			sourceTree = "<group>";
		};
		2522D29721DC7DC500711808 /* Search */ = {
			isa = PBXGroup;
			children = (
				25C4B4A021E033BD0068E8C9 /* UserSearchController.swift */,
				25C4B4A221E039AB0068E8C9 /* UserSearchCell.swift */,
			);
			path = Search;
			sourceTree = "<group>";
		};
		2522D29821DC7DCF00711808 /* Me */ = {
			isa = PBXGroup;
			children = (
			);
			path = Me;
			sourceTree = "<group>";
		};
		2522D29921DC7DD800711808 /* Like */ = {
			isa = PBXGroup;
			children = (
			);
			path = Like;
			sourceTree = "<group>";
		};
		2522D29A21DC7DDF00711808 /* Login */ = {
			isa = PBXGroup;
			children = (
				25533A4C21DE9AAB00DD30E5 /* SignUpController.swift */,
				25533A4E21DEA05300DD30E5 /* LoginController.swift */,
				250679A021E0022200D03540 /* LogoutController.swift */,
			);
			path = Login;
			sourceTree = "<group>";
		};
		884701430CEE313EC63616E6 /* Frameworks */ = {
			isa = PBXGroup;
			children = (
				65D7F7F8B4A1A4540EE9DB53 /* Pods_ResuMe.framework */,
			);
			name = Frameworks;
			sourceTree = "<group>";
		};
		C1CB3E27BA9834ECFF81828C /* Pods */ = {
			isa = PBXGroup;
			children = (
				99EAADE875562F88FB533774 /* Pods-ResuMe.debug.xcconfig */,
				EBE2DC98FB9BB5CD5A6C4807 /* Pods-ResuMe.release.xcconfig */,
			);
			name = Pods;
			sourceTree = "<group>";
		};
/* End PBXGroup section */

/* Begin PBXNativeTarget section */
		2522D27521DC67DD00711808 /* ResuMe */ = {
			isa = PBXNativeTarget;
			buildConfigurationList = 2522D28821DC67DE00711808 /* Build configuration list for PBXNativeTarget "ResuMe" */;
			buildPhases = (
				DD8003D46534BBFCF6198D4B /* [CP] Check Pods Manifest.lock */,
				2522D27221DC67DD00711808 /* Sources */,
				2522D27321DC67DD00711808 /* Frameworks */,
				2522D27421DC67DD00711808 /* Resources */,
				D530BB4674E911F3D0E305D1 /* [CP] Embed Pods Frameworks */,
			);
			buildRules = (
			);
			dependencies = (
			);
			name = ResuMe;
			productName = ResuMe;
			productReference = 2522D27621DC67DD00711808 /* ResuMe.app */;
			productType = "com.apple.product-type.application";
		};
/* End PBXNativeTarget section */

/* Begin PBXProject section */
		2522D26E21DC67DD00711808 /* Project object */ = {
			isa = PBXProject;
			attributes = {
				LastSwiftUpdateCheck = 0940;
				LastUpgradeCheck = 0940;
				ORGANIZATIONNAME = "Yi Zheng";
				TargetAttributes = {
					2522D27521DC67DD00711808 = {
						CreatedOnToolsVersion = 9.4.1;
					};
				};
			};
			buildConfigurationList = 2522D27121DC67DD00711808 /* Build configuration list for PBXProject "ResuMe" */;
			compatibilityVersion = "Xcode 9.3";
			developmentRegion = en;
			hasScannedForEncodings = 0;
			knownRegions = (
				en,
				Base,
			);
			mainGroup = 2522D26D21DC67DD00711808;
			productRefGroup = 2522D27721DC67DD00711808 /* Products */;
			projectDirPath = "";
			projectRoot = "";
			targets = (
				2522D27521DC67DD00711808 /* ResuMe */,
			);
		};
/* End PBXProject section */

/* Begin PBXResourcesBuildPhase section */
		2522D27421DC67DD00711808 /* Resources */ = {
			isa = PBXResourcesBuildPhase;
			buildActionMask = 2147483647;
			files = (
				2522D28421DC67DE00711808 /* LaunchScreen.storyboard in Resources */,
				2522D29321DC6EF300711808 /* GoogleService-Info.plist in Resources */,
				2522D28121DC67DE00711808 /* Assets.xcassets in Resources */,
				2522D27F21DC67DD00711808 /* Main.storyboard in Resources */,
			);
			runOnlyForDeploymentPostprocessing = 0;
		};
/* End PBXResourcesBuildPhase section */

/* Begin PBXShellScriptBuildPhase section */
		D530BB4674E911F3D0E305D1 /* [CP] Embed Pods Frameworks */ = {
			isa = PBXShellScriptBuildPhase;
			buildActionMask = 2147483647;
			files = (
			);
			inputPaths = (
				"${SRCROOT}/Pods/Target Support Files/Pods-ResuMe/Pods-ResuMe-frameworks.sh",
				"${BUILT_PRODUCTS_DIR}/GTMSessionFetcher/GTMSessionFetcher.framework",
				"${BUILT_PRODUCTS_DIR}/GoogleUtilities/GoogleUtilities.framework",
				"${BUILT_PRODUCTS_DIR}/leveldb-library/leveldb.framework",
				"${BUILT_PRODUCTS_DIR}/nanopb/nanopb.framework",
			);
			name = "[CP] Embed Pods Frameworks";
			outputPaths = (
				"${TARGET_BUILD_DIR}/${FRAMEWORKS_FOLDER_PATH}/GTMSessionFetcher.framework",
				"${TARGET_BUILD_DIR}/${FRAMEWORKS_FOLDER_PATH}/GoogleUtilities.framework",
				"${TARGET_BUILD_DIR}/${FRAMEWORKS_FOLDER_PATH}/leveldb.framework",
				"${TARGET_BUILD_DIR}/${FRAMEWORKS_FOLDER_PATH}/nanopb.framework",
			);
			runOnlyForDeploymentPostprocessing = 0;
			shellPath = /bin/sh;
			shellScript = "\"${SRCROOT}/Pods/Target Support Files/Pods-ResuMe/Pods-ResuMe-frameworks.sh\"\n";
			showEnvVarsInLog = 0;
		};
		DD8003D46534BBFCF6198D4B /* [CP] Check Pods Manifest.lock */ = {
			isa = PBXShellScriptBuildPhase;
			buildActionMask = 2147483647;
			files = (
			);
			inputPaths = (
				"${PODS_PODFILE_DIR_PATH}/Podfile.lock",
				"${PODS_ROOT}/Manifest.lock",
			);
			name = "[CP] Check Pods Manifest.lock";
			outputPaths = (
				"$(DERIVED_FILE_DIR)/Pods-ResuMe-checkManifestLockResult.txt",
			);
			runOnlyForDeploymentPostprocessing = 0;
			shellPath = /bin/sh;
			shellScript = "diff \"${PODS_PODFILE_DIR_PATH}/Podfile.lock\" \"${PODS_ROOT}/Manifest.lock\" > /dev/null\nif [ $? != 0 ] ; then\n    # print error to STDERR\n    echo \"error: The sandbox is not in sync with the Podfile.lock. Run 'pod install' or update your CocoaPods installation.\" >&2\n    exit 1\nfi\n# This output is used by Xcode 'outputs' to avoid re-running this script phase.\necho \"SUCCESS\" > \"${SCRIPT_OUTPUT_FILE_0}\"\n";
			showEnvVarsInLog = 0;
		};
/* End PBXShellScriptBuildPhase section */

/* Begin PBXSourcesBuildPhase section */
		2522D27221DC67DD00711808 /* Sources */ = {
			isa = PBXSourcesBuildPhase;
			buildActionMask = 2147483647;
			files = (
				2522D27C21DC67DD00711808 /* ViewController.swift in Sources */,
				256E487521DD7E6100CC71D8 /* HomeCarouselCell.swift in Sources */,
				2522D29121DC6B6E00711808 /* CustomImageView.swift in Sources */,
				25533A4F21DEA05300DD30E5 /* LoginController.swift in Sources */,
				256E487321DD719200CC71D8 /* HomeController.swift in Sources */,
				256E487921DDAECE00CC71D8 /* BaseCell.swift in Sources */,
				256E487721DD944800CC71D8 /* HomeNavigationCell.swift in Sources */,
				25533A4D21DE9AAB00DD30E5 /* SignUpController.swift in Sources */,
				250679A421E00D0B00D03540 /* User.swift in Sources */,
				2522D29521DC79F400711808 /* MainTabBarController.swift in Sources */,
				256E487B21DDB85100CC71D8 /* HomePostHeaderCell.swift in Sources */,
				2522D28F21DC6AD300711808 /* Extensions.swift in Sources */,
				2522D27A21DC67DD00711808 /* AppDelegate.swift in Sources */,
				25533A4B21DE8C7700DD30E5 /* HomePostCell.swift in Sources */,
				25C4B4A321E039AB0068E8C9 /* UserSearchCell.swift in Sources */,
				25C4B4A121E033BD0068E8C9 /* UserSearchController.swift in Sources */,
				250679A121E0022200D03540 /* LogoutController.swift in Sources */,
			);
			runOnlyForDeploymentPostprocessing = 0;
		};
/* End PBXSourcesBuildPhase section */

/* Begin PBXVariantGroup section */
		2522D27D21DC67DD00711808 /* Main.storyboard */ = {
			isa = PBXVariantGroup;
			children = (
				2522D27E21DC67DD00711808 /* Base */,
			);
			name = Main.storyboard;
			sourceTree = "<group>";
		};
		2522D28221DC67DE00711808 /* LaunchScreen.storyboard */ = {
			isa = PBXVariantGroup;
			children = (
				2522D28321DC67DE00711808 /* Base */,
			);
			name = LaunchScreen.storyboard;
			sourceTree = "<group>";
		};
/* End PBXVariantGroup section */

/* Begin XCBuildConfiguration section */
		2522D28621DC67DE00711808 /* Debug */ = {
			isa = XCBuildConfiguration;
			buildSettings = {
				ALWAYS_SEARCH_USER_PATHS = NO;
				CLANG_ANALYZER_NONNULL = YES;
				CLANG_ANALYZER_NUMBER_OBJECT_CONVERSION = YES_AGGRESSIVE;
				CLANG_CXX_LANGUAGE_STANDARD = "gnu++14";
				CLANG_CXX_LIBRARY = "libc++";
				CLANG_ENABLE_MODULES = YES;
				CLANG_ENABLE_OBJC_ARC = YES;
				CLANG_ENABLE_OBJC_WEAK = YES;
				CLANG_WARN_BLOCK_CAPTURE_AUTORELEASING = YES;
				CLANG_WARN_BOOL_CONVERSION = YES;
				CLANG_WARN_COMMA = YES;
				CLANG_WARN_CONSTANT_CONVERSION = YES;
				CLANG_WARN_DEPRECATED_OBJC_IMPLEMENTATIONS = YES;
				CLANG_WARN_DIRECT_OBJC_ISA_USAGE = YES_ERROR;
				CLANG_WARN_DOCUMENTATION_COMMENTS = YES;
				CLANG_WARN_EMPTY_BODY = YES;
				CLANG_WARN_ENUM_CONVERSION = YES;
				CLANG_WARN_INFINITE_RECURSION = YES;
				CLANG_WARN_INT_CONVERSION = YES;
				CLANG_WARN_NON_LITERAL_NULL_CONVERSION = YES;
				CLANG_WARN_OBJC_IMPLICIT_RETAIN_SELF = YES;
				CLANG_WARN_OBJC_LITERAL_CONVERSION = YES;
				CLANG_WARN_OBJC_ROOT_CLASS = YES_ERROR;
				CLANG_WARN_RANGE_LOOP_ANALYSIS = YES;
				CLANG_WARN_STRICT_PROTOTYPES = YES;
				CLANG_WARN_SUSPICIOUS_MOVE = YES;
				CLANG_WARN_UNGUARDED_AVAILABILITY = YES_AGGRESSIVE;
				CLANG_WARN_UNREACHABLE_CODE = YES;
				CLANG_WARN__DUPLICATE_METHOD_MATCH = YES;
				CODE_SIGN_IDENTITY = "iPhone Developer";
				COPY_PHASE_STRIP = NO;
				DEBUG_INFORMATION_FORMAT = dwarf;
				ENABLE_STRICT_OBJC_MSGSEND = YES;
				ENABLE_TESTABILITY = YES;
				GCC_C_LANGUAGE_STANDARD = gnu11;
				GCC_DYNAMIC_NO_PIC = NO;
				GCC_NO_COMMON_BLOCKS = YES;
				GCC_OPTIMIZATION_LEVEL = 0;
				GCC_PREPROCESSOR_DEFINITIONS = (
					"DEBUG=1",
					"$(inherited)",
				);
				GCC_WARN_64_TO_32_BIT_CONVERSION = YES;
				GCC_WARN_ABOUT_RETURN_TYPE = YES_ERROR;
				GCC_WARN_UNDECLARED_SELECTOR = YES;
				GCC_WARN_UNINITIALIZED_AUTOS = YES_AGGRESSIVE;
				GCC_WARN_UNUSED_FUNCTION = YES;
				GCC_WARN_UNUSED_VARIABLE = YES;
				IPHONEOS_DEPLOYMENT_TARGET = 11.4;
				MTL_ENABLE_DEBUG_INFO = YES;
				ONLY_ACTIVE_ARCH = YES;
				SDKROOT = iphoneos;
				SWIFT_ACTIVE_COMPILATION_CONDITIONS = DEBUG;
				SWIFT_OPTIMIZATION_LEVEL = "-Onone";
			};
			name = Debug;
		};
		2522D28721DC67DE00711808 /* Release */ = {
			isa = XCBuildConfiguration;
			buildSettings = {
				ALWAYS_SEARCH_USER_PATHS = NO;
				CLANG_ANALYZER_NONNULL = YES;
				CLANG_ANALYZER_NUMBER_OBJECT_CONVERSION = YES_AGGRESSIVE;
				CLANG_CXX_LANGUAGE_STANDARD = "gnu++14";
				CLANG_CXX_LIBRARY = "libc++";
				CLANG_ENABLE_MODULES = YES;
				CLANG_ENABLE_OBJC_ARC = YES;
				CLANG_ENABLE_OBJC_WEAK = YES;
				CLANG_WARN_BLOCK_CAPTURE_AUTORELEASING = YES;
				CLANG_WARN_BOOL_CONVERSION = YES;
				CLANG_WARN_COMMA = YES;
				CLANG_WARN_CONSTANT_CONVERSION = YES;
				CLANG_WARN_DEPRECATED_OBJC_IMPLEMENTATIONS = YES;
				CLANG_WARN_DIRECT_OBJC_ISA_USAGE = YES_ERROR;
				CLANG_WARN_DOCUMENTATION_COMMENTS = YES;
				CLANG_WARN_EMPTY_BODY = YES;
				CLANG_WARN_ENUM_CONVERSION = YES;
				CLANG_WARN_INFINITE_RECURSION = YES;
				CLANG_WARN_INT_CONVERSION = YES;
				CLANG_WARN_NON_LITERAL_NULL_CONVERSION = YES;
				CLANG_WARN_OBJC_IMPLICIT_RETAIN_SELF = YES;
				CLANG_WARN_OBJC_LITERAL_CONVERSION = YES;
				CLANG_WARN_OBJC_ROOT_CLASS = YES_ERROR;
				CLANG_WARN_RANGE_LOOP_ANALYSIS = YES;
				CLANG_WARN_STRICT_PROTOTYPES = YES;
				CLANG_WARN_SUSPICIOUS_MOVE = YES;
				CLANG_WARN_UNGUARDED_AVAILABILITY = YES_AGGRESSIVE;
				CLANG_WARN_UNREACHABLE_CODE = YES;
				CLANG_WARN__DUPLICATE_METHOD_MATCH = YES;
				CODE_SIGN_IDENTITY = "iPhone Developer";
				COPY_PHASE_STRIP = NO;
				DEBUG_INFORMATION_FORMAT = "dwarf-with-dsym";
				ENABLE_NS_ASSERTIONS = NO;
				ENABLE_STRICT_OBJC_MSGSEND = YES;
				GCC_C_LANGUAGE_STANDARD = gnu11;
				GCC_NO_COMMON_BLOCKS = YES;
				GCC_WARN_64_TO_32_BIT_CONVERSION = YES;
				GCC_WARN_ABOUT_RETURN_TYPE = YES_ERROR;
				GCC_WARN_UNDECLARED_SELECTOR = YES;
				GCC_WARN_UNINITIALIZED_AUTOS = YES_AGGRESSIVE;
				GCC_WARN_UNUSED_FUNCTION = YES;
				GCC_WARN_UNUSED_VARIABLE = YES;
				IPHONEOS_DEPLOYMENT_TARGET = 11.4;
				MTL_ENABLE_DEBUG_INFO = NO;
				SDKROOT = iphoneos;
				SWIFT_COMPILATION_MODE = wholemodule;
				SWIFT_OPTIMIZATION_LEVEL = "-O";
				VALIDATE_PRODUCT = YES;
			};
			name = Release;
		};
		2522D28921DC67DE00711808 /* Debug */ = {
			isa = XCBuildConfiguration;
			baseConfigurationReference = 99EAADE875562F88FB533774 /* Pods-ResuMe.debug.xcconfig */;
			buildSettings = {
				ASSETCATALOG_COMPILER_APPICON_NAME = AppIcon;
				CODE_SIGN_STYLE = Automatic;
				DEVELOPMENT_TEAM = KXJQ4CBH5L;
				INFOPLIST_FILE = ResuMe/Info.plist;
				LD_RUNPATH_SEARCH_PATHS = (
					"$(inherited)",
					"@executable_path/Frameworks",
				);
				PRODUCT_BUNDLE_IDENTIFIER = com.yizheng.ResuMe;
				PRODUCT_NAME = "$(TARGET_NAME)";
				SWIFT_VERSION = 4.0;
				TARGETED_DEVICE_FAMILY = "1,2";
			};
			name = Debug;
		};
		2522D28A21DC67DE00711808 /* Release */ = {
			isa = XCBuildConfiguration;
			baseConfigurationReference = EBE2DC98FB9BB5CD5A6C4807 /* Pods-ResuMe.release.xcconfig */;
			buildSettings = {
				ASSETCATALOG_COMPILER_APPICON_NAME = AppIcon;
				CODE_SIGN_STYLE = Automatic;
				DEVELOPMENT_TEAM = KXJQ4CBH5L;
				INFOPLIST_FILE = ResuMe/Info.plist;
				LD_RUNPATH_SEARCH_PATHS = (
					"$(inherited)",
					"@executable_path/Frameworks",
				);
				PRODUCT_BUNDLE_IDENTIFIER = com.yizheng.ResuMe;
				PRODUCT_NAME = "$(TARGET_NAME)";
				SWIFT_VERSION = 4.0;
				TARGETED_DEVICE_FAMILY = "1,2";
			};
			name = Release;
		};
/* End XCBuildConfiguration section */

/* Begin XCConfigurationList section */
		2522D27121DC67DD00711808 /* Build configuration list for PBXProject "ResuMe" */ = {
			isa = XCConfigurationList;
			buildConfigurations = (
				2522D28621DC67DE00711808 /* Debug */,
				2522D28721DC67DE00711808 /* Release */,
			);
			defaultConfigurationIsVisible = 0;
			defaultConfigurationName = Release;
		};
		2522D28821DC67DE00711808 /* Build configuration list for PBXNativeTarget "ResuMe" */ = {
			isa = XCConfigurationList;
			buildConfigurations = (
				2522D28921DC67DE00711808 /* Debug */,
				2522D28A21DC67DE00711808 /* Release */,
			);
			defaultConfigurationIsVisible = 0;
			defaultConfigurationName = Release;
		};
/* End XCConfigurationList section */
	};
	rootObject = 2522D26E21DC67DD00711808 /* Project object */;
}
